
Microsoft Visual Studio Solution File, Format Version 11.00
# Visual Studio 2010
Project("{FAE04EC0-301F-11D3-BF4B-00C04F79EFBC}") = "RubyRush", "RubyRush\RubyRush.csproj", "{59B4028F-810A-4A25-97EA-E9DAA8F4F001}"
EndProject
Project("{FAE04EC0-301F-11D3-BF4B-00C04F79EFBC}") = "RubyImageCapture", "RubyImageCapture\RubyImageCapture.csproj", "{632F5649-4C70-4A9B-BF2D-8AF434880230}"
EndProject
Project("{FAE04EC0-301F-11D3-BF4B-00C04F79EFBC}") = "RubyElement", "RubyElement\RubyElement.csproj", "{10E1E74C-D825-44AA-927F-8606D1202450}"
EndProject
Project("{FAE04EC0-301F-11D3-BF4B-00C04F79EFBC}") = "RubyImageInterpretation", "RubyImageInterpretation\RubyImageInterpretation.csproj", "{FCBE6003-FF76-4AC1-95DC-7AD6BCB58BBF}"
EndProject
Project("{FAE04EC0-301F-11D3-BF4B-00C04F79EFBC}") = "RubyLogic", "RubyLogic\RubyLogic.csproj", "{FBE9B1E9-6AE6-45F3-AA00-3F28E30DA184}"
EndProject
Project("{FAE04EC0-301F-11D3-BF4B-00C04F79EFBC}") = "UnitTests", "UnitTests\UnitTests.csproj", "{E247787B-E0BB-44F7-9B61-30400FBB0931}"
EndProject
Global
	GlobalSection(SolutionConfigurationPlatforms) = preSolution
		Debug|Any CPU = Debug|Any CPU
		Debug|Mixed Platforms = Debug|Mixed Platforms
		Debug|x86 = Debug|x86
		Release|Any CPU = Release|Any CPU
		Release|Mixed Platforms = Release|Mixed Platforms
		Release|x86 = Release|x86
	EndGlobalSection
	GlobalSection(ProjectConfigurationPlatforms) = postSolution
		{59B4028F-810A-4A25-97EA-E9DAA8F4F001}.Debug|Any CPU.ActiveCfg = Debug|x86
		{59B4028F-810A-4A25-97EA-E9DAA8F4F001}.Debug|Mixed Platforms.ActiveCfg = Debug|x86
		{59B4028F-810A-4A25-97EA-E9DAA8F4F001}.Debug|Mixed Platforms.Build.0 = Debug|x86
		{59B4028F-810A-4A25-97EA-E9DAA8F4F001}.Debug|x86.ActiveCfg = Debug|x86
		{59B4028F-810A-4A25-97EA-E9DAA8F4F001}.Debug|x86.Build.0 = Debug|x86
		{59B4028F-810A-4A25-97EA-E9DAA8F4F001}.Release|Any CPU.ActiveCfg = Release|x86
		{59B4028F-810A-4A25-97EA-E9DAA8F4F001}.Release|Mixed Platforms.ActiveCfg = Release|x86
		{59B4028F-810A-4A25-97EA-E9DAA8F4F001}.Release|Mixed Platforms.Build.0 = Release|x86
		{59B4028F-810A-4A25-97EA-E9DAA8F4F001}.Release|x86.ActiveCfg = Release|x86
		{59B4028F-810A-4A25-97EA-E9DAA8F4F001}.Release|x86.Build.0 = Release|x86
		{632F5649-4C70-4A9B-BF2D-8AF434880230}.Debug|Any CPU.ActiveCfg = Debug|Any CPU
		{632F5649-4C70-4A9B-BF2D-8AF434880230}.Debug|Any CPU.Build.0 = Debug|Any CPU
		{632F5649-4C70-4A9B-BF2D-8AF434880230}.Debug|Mixed Platforms.ActiveCfg = Debug|Any CPU
		{632F5649-4C70-4A9B-BF2D-8AF434880230}.Debug|Mixed Platforms.Build.0 = Debug|Any CPU
		{632F5649-4C70-4A9B-BF2D-8AF434880230}.Debug|x86.ActiveCfg = Debug|Any CPU
		{632F5649-4C70-4A9B-BF2D-8AF434880230}.Release|Any CPU.ActiveCfg = Release|Any CPU
		{632F5649-4C70-4A9B-BF2D-8AF434880230}.Release|Any CPU.Build.0 = Release|Any CPU
		{632F5649-4C70-4A9B-BF2D-8AF434880230}.Release|Mixed Platforms.ActiveCfg = Release|Any CPU
		{632F5649-4C70-4A9B-BF2D-8AF434880230}.Release|Mixed Platforms.Build.0 = Release|Any CPU
		{632F5649-4C70-4A9B-BF2D-8AF434880230}.Release|x86.ActiveCfg = Release|Any CPU
		{10E1E74C-D825-44AA-927F-8606D1202450}.Debug|Any CPU.ActiveCfg = Debug|Any CPU
		{10E1E74C-D825-44AA-927F-8606D1202450}.Debug|Any CPU.Build.0 = Debug|Any CPU
		{10E1E74C-D825-44AA-927F-8606D1202450}.Debug|Mixed Platforms.ActiveCfg = Debug|Any CPU
		{10E1E74C-D825-44AA-927F-8606D1202450}.Debug|Mixed Platforms.Build.0 = Debug|Any CPU
		{10E1E74C-D825-44AA-927F-8606D1202450}.Debug|x86.ActiveCfg = Debug|Any CPU
		{10E1E74C-D825-44AA-927F-8606D1202450}.Release|Any CPU.ActiveCfg = Release|Any CPU
		{10E1E74C-D825-44AA-927F-8606D1202450}.Release|Any CPU.Build.0 = Release|Any CPU
		{10E1E74C-D825-44AA-927F-8606D1202450}.Release|Mixed Platforms.ActiveCfg = Release|Any CPU
		{10E1E74C-D825-44AA-927F-8606D1202450}.Release|Mixed Platforms.Build.0 = Release|Any CPU
		{10E1E74C-D825-44AA-927F-8606D1202450}.Release|x86.ActiveCfg = Release|Any CPU
		{FCBE6003-FF76-4AC1-95DC-7AD6BCB58BBF}.Debug|Any CPU.ActiveCfg = Debug|Any CPU
		{FCBE6003-FF76-4AC1-95DC-7AD6BCB58BBF}.Debug|Any CPU.Build.0 = Debug|Any CPU
		{FCBE6003-FF76-4AC1-95DC-7AD6BCB58BBF}.Debug|Mixed Platforms.ActiveCfg = Debug|Any CPU
		{FCBE6003-FF76-4AC1-95DC-7AD6BCB58BBF}.Debug|Mixed Platforms.Build.0 = Debug|Any CPU
		{FCBE6003-FF76-4AC1-95DC-7AD6BCB58BBF}.Debug|x86.ActiveCfg = Debug|Any CPU
		{FCBE6003-FF76-4AC1-95DC-7AD6BCB58BBF}.Release|Any CPU.ActiveCfg = Release|Any CPU
		{FCBE6003-FF76-4AC1-95DC-7AD6BCB58BBF}.Release|Any CPU.Build.0 = Release|Any CPU
		{FCBE6003-FF76-4AC1-95DC-7AD6BCB58BBF}.Release|Mixed Platforms.ActiveCfg = Release|Any CPU
		{FCBE6003-FF76-4AC1-95DC-7AD6BCB58BBF}.Release|Mixed Platforms.Build.0 = Release|Any CPU
		{FCBE6003-FF76-4AC1-95DC-7AD6BCB58BBF}.Release|x86.ActiveCfg = Release|Any CPU
		{FBE9B1E9-6AE6-45F3-AA00-3F28E30DA184}.Debug|Any CPU.ActiveCfg = Debug|Any CPU
		{FBE9B1E9-6AE6-45F3-AA00-3F28E30DA184}.Debug|Any CPU.Build.0 = Debug|Any CPU
		{FBE9B1E9-6AE6-45F3-AA00-3F28E30DA184}.Debug|Mixed Platforms.ActiveCfg = Debug|Any CPU
		{FBE9B1E9-6AE6-45F3-AA00-3F28E30DA184}.Debug|Mixed Platforms.Build.0 = Debug|Any CPU
		{FBE9B1E9-6AE6-45F3-AA00-3F28E30DA184}.Debug|x86.ActiveCfg = Debug|Any CPU
		{FBE9B1E9-6AE6-45F3-AA00-3F28E30DA184}.Release|Any CPU.ActiveCfg = Release|Any CPU
		{FBE9B1E9-6AE6-45F3-AA00-3F28E30DA184}.Release|Any CPU.Build.0 = Release|Any CPU
		{FBE9B1E9-6AE6-45F3-AA00-3F28E30DA184}.Release|Mixed Platforms.ActiveCfg = Release|Any CPU
		{FBE9B1E9-6AE6-45F3-AA00-3F28E30DA184}.Release|Mixed Platforms.Build.0 = Release|Any CPU
		{FBE9B1E9-6AE6-45F3-AA00-3F28E30DA184}.Release|x86.ActiveCfg = Release|Any CPU
		{E247787B-E0BB-44F7-9B61-30400FBB0931}.Debug|Any CPU.ActiveCfg = Debug|Any CPU
		{E247787B-E0BB-44F7-9B61-30400FBB0931}.Debug|Any CPU.Build.0 = Debug|Any CPU
		{E247787B-E0BB-44F7-9B61-30400FBB0931}.Debug|Mixed Platforms.ActiveCfg = Debug|Any CPU
		{E247787B-E0BB-44F7-9B61-30400FBB0931}.Debug|Mixed Platforms.Build.0 = Debug|Any CPU
		{E247787B-E0BB-44F7-9B61-30400FBB0931}.Debug|x86.ActiveCfg = Debug|Any CPU
		{E247787B-E0BB-44F7-9B61-30400FBB0931}.Release|Any CPU.ActiveCfg = Release|Any CPU
		{E247787B-E0BB-44F7-9B61-30400FBB0931}.Release|Any CPU.Build.0 = Release|Any CPU
		{E247787B-E0BB-44F7-9B61-30400FBB0931}.Release|Mixed Platforms.ActiveCfg = Release|Any CPU
		{E247787B-E0BB-44F7-9B61-30400FBB0931}.Release|Mixed Platforms.Build.0 = Release|Any CPU
		{E247787B-E0BB-44F7-9B61-30400FBB0931}.Release|x86.ActiveCfg = Release|Any CPU
	EndGlobalSection
	GlobalSection(SolutionProperties) = preSolution
		HideSolutionNode = FALSE
	EndGlobalSection
EndGlobal
